
Microsoft Visual Studio Solution File, Format Version 12.00
# Visual Studio Version 16
VisualStudioVersion = 16.0.32126.315
MinimumVisualStudioVersion = 10.0.40219.1
Project("{FAE04EC0-301F-11D3-BF4B-00C04F79EFBC}") = "01. Valid Usernames", "01. Valid Usernames\01. Valid Usernames.csproj", "{26FA3786-1527-4F81-8445-4647919F9F85}"
EndProject
Project("{FAE04EC0-301F-11D3-BF4B-00C04F79EFBC}") = "02. Character Multiplier", "02. Character Multiplier\02. Character Multiplier.csproj", "{8FBA515F-D09E-4506-9CA9-39E8F1445C67}"
EndProject
Global
	GlobalSection(SolutionConfigurationPlatforms) = preSolution
		Debug|Any CPU = Debug|Any CPU
		Release|Any CPU = Release|Any CPU
	EndGlobalSection
	GlobalSection(ProjectConfigurationPlatforms) = postSolution
		{26FA3786-1527-4F81-8445-4647919F9F85}.Debug|Any CPU.ActiveCfg = Debug|Any CPU
		{26FA3786-1527-4F81-8445-4647919F9F85}.Debug|Any CPU.Build.0 = Debug|Any CPU
		{26FA3786-1527-4F81-8445-4647919F9F85}.Release|Any CPU.ActiveCfg = Release|Any CPU
		{26FA3786-1527-4F81-8445-4647919F9F85}.Release|Any CPU.Build.0 = Release|Any CPU
		{8FBA515F-D09E-4506-9CA9-39E8F1445C67}.Debug|Any CPU.ActiveCfg = Debug|Any CPU
		{8FBA515F-D09E-4506-9CA9-39E8F1445C67}.Debug|Any CPU.Build.0 = Debug|Any CPU
		{8FBA515F-D09E-4506-9CA9-39E8F1445C67}.Release|Any CPU.ActiveCfg = Release|Any CPU
		{8FBA515F-D09E-4506-9CA9-39E8F1445C67}.Release|Any CPU.Build.0 = Release|Any CPU
	EndGlobalSection
	GlobalSection(SolutionProperties) = preSolution
		HideSolutionNode = FALSE
	EndGlobalSection
	GlobalSection(ExtensibilityGlobals) = postSolution
		SolutionGuid = {A99D5AA9-1419-4A6F-8AB7-D6E93D41CCD9}
	EndGlobalSection
EndGlobal
